# This file was autogenerated by uv via the following command:
#    uv pip compile pyproject.toml --all-extras --output-file uv.lock
aiohappyeyeballs==2.6.1
    # via aiohttp
aiohttp==3.11.18
    # via
    #   langchain-community
    #   traceloop-sdk
aiosignal==1.3.2
    # via aiohttp
altair==5.5.0
    # via streamlit
annotated-types==0.7.0
    # via pydantic
anthropic==0.52.0
    # via opentelemetry-instrumentation-bedrock
anyio==4.9.0
    # via
    #   anthropic
    #   httpx
    #   jupyter-server
    #   openai
argon2-cffi==23.1.0
    # via jupyter-server
argon2-cffi-bindings==21.2.0
    # via argon2-cffi
arrow==1.3.0
    # via isoduration
asttokens==3.0.0
    # via stack-data
async-lru==2.0.5
    # via jupyterlab
attrs==25.3.0
    # via
    #   aiohttp
    #   jsonschema
    #   referencing
babel==2.17.0
    # via jupyterlab-server
backoff==2.2.1
    # via posthog
beautifulsoup4==4.13.4
    # via
    #   favicon
    #   nbconvert
bleach==6.2.0
    # via nbconvert
blinker==1.9.0
    # via streamlit
cachetools==5.5.2
    # via
    #   google-auth
    #   streamlit
certifi==2025.4.26
    # via
    #   httpcore
    #   httpx
    #   requests
cffi==1.17.1
    # via argon2-cffi-bindings
charset-normalizer==3.4.2
    # via requests
click==8.2.1
    # via streamlit
cloudpickle==3.1.1
    # via google-cloud-aiplatform
codespell==2.2.6
    # via tf-generator (pyproject.toml)
colorama==0.4.6
    # via traceloop-sdk
comm==0.2.2
    # via
    #   ipykernel
    #   ipywidgets
contourpy==1.3.2
    # via matplotlib
cycler==0.12.1
    # via matplotlib
dataclasses-json==0.6.7
    # via langchain-community
debugpy==1.8.14
    # via ipykernel
decorator==5.2.1
    # via ipython
defusedxml==0.7.1
    # via nbconvert
deprecated==1.2.18
    # via
    #   opentelemetry-api
    #   opentelemetry-exporter-otlp-proto-grpc
    #   opentelemetry-exporter-otlp-proto-http
    #   opentelemetry-semantic-conventions
    #   traceloop-sdk
distro==1.9.0
    # via
    #   anthropic
    #   openai
    #   posthog
docstring-parser==0.16
    # via google-cloud-aiplatform
entrypoints==0.4
    # via streamlit-extras
executing==2.2.0
    # via stack-data
extra-streamlit-components==0.1.80
    # via tf-generator (pyproject.toml)
faker==37.3.0
    # via streamlit-faker
fastjsonschema==2.21.1
    # via nbformat
favicon==0.7.0
    # via markdownlit
fonttools==4.58.0
    # via matplotlib
fqdn==1.5.1
    # via jsonschema
frozenlist==1.6.0
    # via
    #   aiohttp
    #   aiosignal
gitdb==4.0.12
    # via gitpython
gitpython==3.1.44
    # via streamlit
google-api-core==2.24.2
    # via
    #   google-cloud-aiplatform
    #   google-cloud-appengine-logging
    #   google-cloud-bigquery
    #   google-cloud-core
    #   google-cloud-logging
    #   google-cloud-resource-manager
    #   google-cloud-storage
    #   google-cloud-trace
google-auth==2.40.2
    # via
    #   google-api-core
    #   google-cloud-aiplatform
    #   google-cloud-appengine-logging
    #   google-cloud-bigquery
    #   google-cloud-core
    #   google-cloud-logging
    #   google-cloud-resource-manager
    #   google-cloud-storage
    #   google-cloud-trace
google-cloud-aiplatform==1.81.0
    # via
    #   tf-generator (pyproject.toml)
    #   langchain-google-vertexai
google-cloud-appengine-logging==1.6.1
    # via google-cloud-logging
google-cloud-audit-log==0.3.2
    # via google-cloud-logging
google-cloud-bigquery==3.33.0
    # via google-cloud-aiplatform
google-cloud-core==2.4.3
    # via
    #   google-cloud-bigquery
    #   google-cloud-logging
    #   google-cloud-storage
google-cloud-logging==3.12.1
    # via tf-generator (pyproject.toml)
google-cloud-resource-manager==1.14.2
    # via google-cloud-aiplatform
google-cloud-storage==2.19.0
    # via
    #   google-cloud-aiplatform
    #   langchain-google-vertexai
google-cloud-trace==1.16.1
    # via
    #   google-cloud-aiplatform
    #   opentelemetry-exporter-gcp-trace
google-crc32c==1.7.1
    # via
    #   google-cloud-storage
    #   google-resumable-media
google-resumable-media==2.7.2
    # via
    #   google-cloud-bigquery
    #   google-cloud-storage
googleapis-common-protos==1.70.0
    # via
    #   google-api-core
    #   google-cloud-audit-log
    #   grpc-google-iam-v1
    #   grpcio-status
    #   opentelemetry-exporter-otlp-proto-grpc
    #   opentelemetry-exporter-otlp-proto-http
greenlet==3.2.2
    # via sqlalchemy
grpc-google-iam-v1==0.14.2
    # via
    #   google-cloud-logging
    #   google-cloud-resource-manager
grpcio==1.71.0
    # via
    #   google-api-core
    #   googleapis-common-protos
    #   grpc-google-iam-v1
    #   grpcio-status
    #   opentelemetry-exporter-otlp-proto-grpc
grpcio-status==1.71.0
    # via google-api-core
h11==0.16.0
    # via httpcore
htbuilder==0.9.0
    # via
    #   markdownlit
    #   st-annotated-text
    #   streamlit-extras
httpcore==1.0.9
    # via httpx
httpx==0.28.1
    # via
    #   anthropic
    #   jupyterlab
    #   langchain-google-vertexai
    #   langgraph-sdk
    #   langsmith
    #   openai
httpx-sse==0.4.0
    # via
    #   langchain-community
    #   langchain-google-vertexai
idna==3.10
    # via
    #   anyio
    #   httpx
    #   jsonschema
    #   requests
    #   yarl
importlib-metadata==8.6.1
    # via opentelemetry-api
inflection==0.5.1
    # via opentelemetry-instrumentation-llamaindex
iniconfig==2.1.0
    # via pytest
ipykernel==6.29.5
    # via
    #   jupyter
    #   jupyter-console
    #   jupyterlab
ipython==9.2.0
    # via
    #   ipykernel
    #   ipywidgets
    #   jupyter-console
ipython-pygments-lexers==1.1.1
    # via ipython
ipywidgets==8.1.7
    # via jupyter
isoduration==20.11.0
    # via jsonschema
jedi==0.19.2
    # via ipython
jinja2==3.1.6
    # via
    #   altair
    #   jupyter-server
    #   jupyterlab
    #   jupyterlab-server
    #   nbconvert
    #   pydeck
    #   streamlit-camera-input-live
    #   streamlit-image-coordinates
    #   streamlit-keyup
    #   traceloop-sdk
jiter==0.10.0
    # via
    #   anthropic
    #   openai
joblib==1.5.1
    # via scikit-learn
json5==0.12.0
    # via jupyterlab-server
jsonpatch==1.33
    # via langchain-core
jsonpointer==3.0.0
    # via
    #   jsonpatch
    #   jsonschema
jsonschema==4.23.0
    # via
    #   altair
    #   jupyter-events
    #   jupyterlab-server
    #   nbformat
jsonschema-specifications==2025.4.1
    # via jsonschema
jupyter==1.1.1
    # via tf-generator (pyproject.toml)
jupyter-client==8.6.3
    # via
    #   ipykernel
    #   jupyter-console
    #   jupyter-server
    #   nbclient
jupyter-console==6.6.3
    # via jupyter
jupyter-core==5.7.2
    # via
    #   ipykernel
    #   jupyter-client
    #   jupyter-console
    #   jupyter-server
    #   jupyterlab
    #   nbclient
    #   nbconvert
    #   nbformat
jupyter-events==0.12.0
    # via jupyter-server
jupyter-lsp==2.2.5
    # via jupyterlab
jupyter-server==2.16.0
    # via
    #   jupyter-lsp
    #   jupyterlab
    #   jupyterlab-server
    #   notebook
    #   notebook-shim
jupyter-server-terminals==0.5.3
    # via jupyter-server
jupyterlab==4.4.2
    # via
    #   jupyter
    #   notebook
jupyterlab-pygments==0.3.0
    # via nbconvert
jupyterlab-server==2.27.3
    # via
    #   jupyterlab
    #   notebook
jupyterlab-widgets==3.0.15
    # via ipywidgets
kiwisolver==1.4.8
    # via matplotlib
langchain==0.3.25
    # via
    #   tf-generator (pyproject.toml)
    #   google-cloud-aiplatform
    #   langchain-community
langchain-community==0.3.24
    # via tf-generator (pyproject.toml)
langchain-core==0.3.61
    # via
    #   tf-generator (pyproject.toml)
    #   google-cloud-aiplatform
    #   langchain
    #   langchain-community
    #   langchain-google-vertexai
    #   langchain-openai
    #   langchain-text-splitters
    #   langgraph
    #   langgraph-checkpoint
langchain-google-vertexai==2.0.18
    # via
    #   tf-generator (pyproject.toml)
    #   google-cloud-aiplatform
langchain-openai==0.3.18
    # via tf-generator (pyproject.toml)
langchain-text-splitters==0.3.8
    # via langchain
langgraph==0.2.76
    # via
    #   tf-generator (pyproject.toml)
    #   google-cloud-aiplatform
langgraph-checkpoint==2.0.26
    # via langgraph
langgraph-sdk==0.1.70
    # via langgraph
langsmith==0.3.42
    # via
    #   langchain
    #   langchain-community
    #   langchain-core
lxml==5.4.0
    # via markdownlit
markdown==3.8
    # via
    #   markdownlit
    #   pymdown-extensions
markdown-it-py==3.0.0
    # via rich
markdownlit==0.0.7
    # via streamlit-extras
markupsafe==3.0.2
    # via
    #   jinja2
    #   nbconvert
marshmallow==3.26.1
    # via dataclasses-json
matplotlib==3.10.3
    # via streamlit-faker
matplotlib-inline==0.1.7
    # via
    #   ipykernel
    #   ipython
mdurl==0.1.2
    # via markdown-it-py
mistune==3.1.3
    # via nbconvert
monotonic==1.6
    # via posthog
multidict==6.4.4
    # via
    #   aiohttp
    #   yarl
mypy==1.15.0
    # via tf-generator (pyproject.toml)
mypy-extensions==1.1.0
    # via
    #   mypy
    #   typing-inspect
narwhals==1.40.0
    # via
    #   altair
    #   plotly
nbclient==0.10.2
    # via nbconvert
nbconvert==7.16.6
    # via
    #   jupyter
    #   jupyter-server
nbformat==5.10.4
    # via
    #   jupyter-server
    #   nbclient
    #   nbconvert
nest-asyncio==1.6.0
    # via
    #   tf-generator (pyproject.toml)
    #   ipykernel
notebook==7.4.2
    # via jupyter
notebook-shim==0.2.4
    # via
    #   jupyterlab
    #   notebook
numpy==2.2.6
    # via
    #   contourpy
    #   langchain-community
    #   matplotlib
    #   pandas
    #   pydeck
    #   scikit-learn
    #   scipy
    #   shapely
    #   streamlit
openai==1.82.0
    # via langchain-openai
openinference-instrumentation==0.1.31
    # via openinference-instrumentation-langchain
openinference-instrumentation-langchain==0.1.43
    # via google-cloud-aiplatform
openinference-semantic-conventions==0.1.17
    # via
    #   openinference-instrumentation
    #   openinference-instrumentation-langchain
opentelemetry-api==1.33.1
    # via
    #   google-cloud-logging
    #   openinference-instrumentation
    #   openinference-instrumentation-langchain
    #   opentelemetry-exporter-gcp-trace
    #   opentelemetry-exporter-otlp-proto-grpc
    #   opentelemetry-exporter-otlp-proto-http
    #   opentelemetry-instrumentation
    #   opentelemetry-instrumentation-alephalpha
    #   opentelemetry-instrumentation-anthropic
    #   opentelemetry-instrumentation-bedrock
    #   opentelemetry-instrumentation-chromadb
    #   opentelemetry-instrumentation-cohere
    #   opentelemetry-instrumentation-crewai
    #   opentelemetry-instrumentation-google-generativeai
    #   opentelemetry-instrumentation-groq
    #   opentelemetry-instrumentation-haystack
    #   opentelemetry-instrumentation-lancedb
    #   opentelemetry-instrumentation-langchain
    #   opentelemetry-instrumentation-llamaindex
    #   opentelemetry-instrumentation-logging
    #   opentelemetry-instrumentation-marqo
    #   opentelemetry-instrumentation-milvus
    #   opentelemetry-instrumentation-mistralai
    #   opentelemetry-instrumentation-ollama
    #   opentelemetry-instrumentation-openai
    #   opentelemetry-instrumentation-pinecone
    #   opentelemetry-instrumentation-qdrant
    #   opentelemetry-instrumentation-replicate
    #   opentelemetry-instrumentation-requests
    #   opentelemetry-instrumentation-sagemaker
    #   opentelemetry-instrumentation-sqlalchemy
    #   opentelemetry-instrumentation-threading
    #   opentelemetry-instrumentation-together
    #   opentelemetry-instrumentation-transformers
    #   opentelemetry-instrumentation-urllib3
    #   opentelemetry-instrumentation-vertexai
    #   opentelemetry-instrumentation-watsonx
    #   opentelemetry-instrumentation-weaviate
    #   opentelemetry-resourcedetector-gcp
    #   opentelemetry-sdk
    #   opentelemetry-semantic-conventions
    #   traceloop-sdk
opentelemetry-exporter-gcp-trace==1.9.0
    # via
    #   tf-generator (pyproject.toml)
    #   google-cloud-aiplatform
opentelemetry-exporter-otlp-proto-common==1.33.1
    # via
    #   opentelemetry-exporter-otlp-proto-grpc
    #   opentelemetry-exporter-otlp-proto-http
opentelemetry-exporter-otlp-proto-grpc==1.33.1
    # via traceloop-sdk
opentelemetry-exporter-otlp-proto-http==1.33.1
    # via traceloop-sdk
opentelemetry-instrumentation==0.54b1
    # via
    #   openinference-instrumentation-langchain
    #   opentelemetry-instrumentation-alephalpha
    #   opentelemetry-instrumentation-anthropic
    #   opentelemetry-instrumentation-bedrock
    #   opentelemetry-instrumentation-chromadb
    #   opentelemetry-instrumentation-cohere
    #   opentelemetry-instrumentation-crewai
    #   opentelemetry-instrumentation-google-generativeai
    #   opentelemetry-instrumentation-groq
    #   opentelemetry-instrumentation-haystack
    #   opentelemetry-instrumentation-lancedb
    #   opentelemetry-instrumentation-langchain
    #   opentelemetry-instrumentation-llamaindex
    #   opentelemetry-instrumentation-logging
    #   opentelemetry-instrumentation-marqo
    #   opentelemetry-instrumentation-milvus
    #   opentelemetry-instrumentation-mistralai
    #   opentelemetry-instrumentation-ollama
    #   opentelemetry-instrumentation-openai
    #   opentelemetry-instrumentation-pinecone
    #   opentelemetry-instrumentation-qdrant
    #   opentelemetry-instrumentation-replicate
    #   opentelemetry-instrumentation-requests
    #   opentelemetry-instrumentation-sagemaker
    #   opentelemetry-instrumentation-sqlalchemy
    #   opentelemetry-instrumentation-threading
    #   opentelemetry-instrumentation-together
    #   opentelemetry-instrumentation-transformers
    #   opentelemetry-instrumentation-urllib3
    #   opentelemetry-instrumentation-vertexai
    #   opentelemetry-instrumentation-watsonx
    #   opentelemetry-instrumentation-weaviate
opentelemetry-instrumentation-alephalpha==0.38.12
    # via traceloop-sdk
opentelemetry-instrumentation-anthropic==0.38.12
    # via traceloop-sdk
opentelemetry-instrumentation-bedrock==0.38.12
    # via traceloop-sdk
opentelemetry-instrumentation-chromadb==0.38.12
    # via traceloop-sdk
opentelemetry-instrumentation-cohere==0.38.12
    # via traceloop-sdk
opentelemetry-instrumentation-crewai==0.38.12
    # via traceloop-sdk
opentelemetry-instrumentation-google-generativeai==0.38.12
    # via traceloop-sdk
opentelemetry-instrumentation-groq==0.38.12
    # via traceloop-sdk
opentelemetry-instrumentation-haystack==0.38.12
    # via traceloop-sdk
opentelemetry-instrumentation-lancedb==0.38.12
    # via traceloop-sdk
opentelemetry-instrumentation-langchain==0.38.12
    # via traceloop-sdk
opentelemetry-instrumentation-llamaindex==0.38.12
    # via traceloop-sdk
opentelemetry-instrumentation-logging==0.54b1
    # via traceloop-sdk
opentelemetry-instrumentation-marqo==0.38.12
    # via traceloop-sdk
opentelemetry-instrumentation-milvus==0.38.12
    # via traceloop-sdk
opentelemetry-instrumentation-mistralai==0.38.12
    # via traceloop-sdk
opentelemetry-instrumentation-ollama==0.38.12
    # via traceloop-sdk
opentelemetry-instrumentation-openai==0.38.12
    # via traceloop-sdk
opentelemetry-instrumentation-pinecone==0.38.12
    # via traceloop-sdk
opentelemetry-instrumentation-qdrant==0.38.12
    # via traceloop-sdk
opentelemetry-instrumentation-replicate==0.38.12
    # via traceloop-sdk
opentelemetry-instrumentation-requests==0.54b1
    # via traceloop-sdk
opentelemetry-instrumentation-sagemaker==0.38.12
    # via traceloop-sdk
opentelemetry-instrumentation-sqlalchemy==0.54b1
    # via traceloop-sdk
opentelemetry-instrumentation-threading==0.54b1
    # via traceloop-sdk
opentelemetry-instrumentation-together==0.38.12
    # via traceloop-sdk
opentelemetry-instrumentation-transformers==0.38.12
    # via traceloop-sdk
opentelemetry-instrumentation-urllib3==0.54b1
    # via traceloop-sdk
opentelemetry-instrumentation-vertexai==0.38.12
    # via traceloop-sdk
opentelemetry-instrumentation-watsonx==0.38.12
    # via traceloop-sdk
opentelemetry-instrumentation-weaviate==0.38.12
    # via traceloop-sdk
opentelemetry-proto==1.33.1
    # via
    #   opentelemetry-exporter-otlp-proto-common
    #   opentelemetry-exporter-otlp-proto-grpc
    #   opentelemetry-exporter-otlp-proto-http
opentelemetry-resourcedetector-gcp==1.9.0a0
    # via opentelemetry-exporter-gcp-trace
opentelemetry-sdk==1.33.1
    # via
    #   google-cloud-aiplatform
    #   openinference-instrumentation
    #   opentelemetry-exporter-gcp-trace
    #   opentelemetry-exporter-otlp-proto-grpc
    #   opentelemetry-exporter-otlp-proto-http
    #   opentelemetry-resourcedetector-gcp
    #   traceloop-sdk
opentelemetry-semantic-conventions==0.54b1
    # via
    #   openinference-instrumentation-langchain
    #   opentelemetry-instrumentation
    #   opentelemetry-instrumentation-alephalpha
    #   opentelemetry-instrumentation-anthropic
    #   opentelemetry-instrumentation-bedrock
    #   opentelemetry-instrumentation-chromadb
    #   opentelemetry-instrumentation-cohere
    #   opentelemetry-instrumentation-crewai
    #   opentelemetry-instrumentation-google-generativeai
    #   opentelemetry-instrumentation-groq
    #   opentelemetry-instrumentation-haystack
    #   opentelemetry-instrumentation-lancedb
    #   opentelemetry-instrumentation-langchain
    #   opentelemetry-instrumentation-llamaindex
    #   opentelemetry-instrumentation-marqo
    #   opentelemetry-instrumentation-milvus
    #   opentelemetry-instrumentation-mistralai
    #   opentelemetry-instrumentation-ollama
    #   opentelemetry-instrumentation-openai
    #   opentelemetry-instrumentation-pinecone
    #   opentelemetry-instrumentation-qdrant
    #   opentelemetry-instrumentation-replicate
    #   opentelemetry-instrumentation-requests
    #   opentelemetry-instrumentation-sagemaker
    #   opentelemetry-instrumentation-sqlalchemy
    #   opentelemetry-instrumentation-together
    #   opentelemetry-instrumentation-transformers
    #   opentelemetry-instrumentation-urllib3
    #   opentelemetry-instrumentation-vertexai
    #   opentelemetry-instrumentation-watsonx
    #   opentelemetry-instrumentation-weaviate
    #   opentelemetry-sdk
opentelemetry-semantic-conventions-ai==0.4.3
    # via
    #   opentelemetry-instrumentation-alephalpha
    #   opentelemetry-instrumentation-anthropic
    #   opentelemetry-instrumentation-bedrock
    #   opentelemetry-instrumentation-chromadb
    #   opentelemetry-instrumentation-cohere
    #   opentelemetry-instrumentation-crewai
    #   opentelemetry-instrumentation-google-generativeai
    #   opentelemetry-instrumentation-groq
    #   opentelemetry-instrumentation-haystack
    #   opentelemetry-instrumentation-lancedb
    #   opentelemetry-instrumentation-langchain
    #   opentelemetry-instrumentation-llamaindex
    #   opentelemetry-instrumentation-marqo
    #   opentelemetry-instrumentation-milvus
    #   opentelemetry-instrumentation-mistralai
    #   opentelemetry-instrumentation-ollama
    #   opentelemetry-instrumentation-openai
    #   opentelemetry-instrumentation-pinecone
    #   opentelemetry-instrumentation-qdrant
    #   opentelemetry-instrumentation-replicate
    #   opentelemetry-instrumentation-sagemaker
    #   opentelemetry-instrumentation-together
    #   opentelemetry-instrumentation-transformers
    #   opentelemetry-instrumentation-vertexai
    #   opentelemetry-instrumentation-watsonx
    #   opentelemetry-instrumentation-weaviate
    #   traceloop-sdk
opentelemetry-util-http==0.54b1
    # via
    #   opentelemetry-instrumentation-requests
    #   opentelemetry-instrumentation-urllib3
orjson==3.10.18
    # via
    #   langgraph-sdk
    #   langsmith
ormsgpack==1.9.1
    # via langgraph-checkpoint
overrides==7.7.0
    # via jupyter-server
packaging==24.2
    # via
    #   altair
    #   google-cloud-aiplatform
    #   google-cloud-bigquery
    #   ipykernel
    #   jupyter-events
    #   jupyter-server
    #   jupyterlab
    #   jupyterlab-server
    #   langchain-core
    #   langsmith
    #   marshmallow
    #   matplotlib
    #   nbconvert
    #   opentelemetry-instrumentation
    #   opentelemetry-instrumentation-sqlalchemy
    #   plotly
    #   pytest
    #   streamlit
pandas==2.2.3
    # via
    #   google-cloud-aiplatform
    #   streamlit
pandocfilters==1.5.1
    # via nbconvert
parso==0.8.4
    # via jedi
pexpect==4.9.0
    # via ipython
pillow==11.2.1
    # via
    #   matplotlib
    #   streamlit
platformdirs==4.3.8
    # via jupyter-core
plotly==6.1.1
    # via streamlit-extras
pluggy==1.6.0
    # via pytest
posthog==3.25.0
    # via traceloop-sdk
prometheus-client==0.22.0
    # via
    #   jupyter-server
    #   streamlit-extras
prompt-toolkit==3.0.51
    # via
    #   ipython
    #   jupyter-console
propcache==0.3.1
    # via
    #   aiohttp
    #   yarl
proto-plus==1.26.1
    # via
    #   google-api-core
    #   google-cloud-aiplatform
    #   google-cloud-appengine-logging
    #   google-cloud-logging
    #   google-cloud-resource-manager
    #   google-cloud-trace
protobuf==5.29.4
    # via
    #   google-api-core
    #   google-cloud-aiplatform
    #   google-cloud-appengine-logging
    #   google-cloud-audit-log
    #   google-cloud-logging
    #   google-cloud-resource-manager
    #   google-cloud-trace
    #   googleapis-common-protos
    #   grpc-google-iam-v1
    #   grpcio-status
    #   opentelemetry-proto
    #   proto-plus
    #   streamlit
    #   streamlit-extras
psutil==7.0.0
    # via ipykernel
ptyprocess==0.7.0
    # via
    #   pexpect
    #   terminado
pure-eval==0.2.3
    # via stack-data
pyarrow==20.0.0
    # via streamlit
pyasn1==0.6.1
    # via
    #   pyasn1-modules
    #   rsa
pyasn1-modules==0.4.2
    # via google-auth
pycparser==2.22
    # via cffi
pydantic==2.11.5
    # via
    #   anthropic
    #   google-cloud-aiplatform
    #   langchain
    #   langchain-core
    #   langchain-google-vertexai
    #   langsmith
    #   openai
    #   pydantic-settings
    #   traceloop-sdk
pydantic-core==2.33.2
    # via pydantic
pydantic-settings==2.9.1
    # via langchain-community
pydeck==0.9.1
    # via streamlit
pygments==2.19.1
    # via
    #   ipython
    #   ipython-pygments-lexers
    #   jupyter-console
    #   nbconvert
    #   rich
pymdown-extensions==10.15
    # via markdownlit
pyparsing==3.2.3
    # via matplotlib
pytest==8.3.5
    # via
    #   tf-generator (pyproject.toml)
    #   pytest-asyncio
pytest-asyncio==0.26.0
    # via tf-generator (pyproject.toml)
python-dateutil==2.9.0.post0
    # via
    #   arrow
    #   google-cloud-bigquery
    #   jupyter-client
    #   matplotlib
    #   pandas
    #   posthog
python-dotenv==1.1.0
    # via pydantic-settings
python-json-logger==3.3.0
    # via jupyter-events
pytz==2025.2
    # via pandas
pyyaml==6.0.2
    # via
    #   jupyter-events
    #   langchain
    #   langchain-community
    #   langchain-core
    #   pymdown-extensions
pyzmq==26.4.0
    # via
    #   ipykernel
    #   jupyter-client
    #   jupyter-console
    #   jupyter-server
referencing==0.36.2
    # via
    #   jsonschema
    #   jsonschema-specifications
    #   jupyter-events
regex==2024.11.6
    # via tiktoken
requests==2.32.3
    # via
    #   favicon
    #   google-api-core
    #   google-cloud-bigquery
    #   google-cloud-storage
    #   jupyterlab-server
    #   langchain
    #   langchain-community
    #   langsmith
    #   opentelemetry-exporter-otlp-proto-http
    #   opentelemetry-resourcedetector-gcp
    #   posthog
    #   requests-toolbelt
    #   streamlit
    #   tiktoken
requests-toolbelt==1.0.0
    # via langsmith
rfc3339-validator==0.1.4
    # via
    #   jsonschema
    #   jupyter-events
rfc3986-validator==0.1.1
    # via
    #   jsonschema
    #   jupyter-events
rich==13.9.4
    # via streamlit
rpds-py==0.25.1
    # via
    #   jsonschema
    #   referencing
rsa==4.9.1
    # via google-auth
ruff==0.11.11
    # via tf-generator (pyproject.toml)
scikit-learn==1.6.1
    # via google-cloud-aiplatform
scipy==1.15.3
    # via scikit-learn
send2trash==1.8.3
    # via jupyter-server
setuptools==80.8.0
    # via jupyterlab
shapely==2.1.1
    # via google-cloud-aiplatform
six==1.17.0
    # via
    #   posthog
    #   python-dateutil
    #   rfc3339-validator
smmap==5.0.2
    # via gitdb
sniffio==1.3.1
    # via
    #   anthropic
    #   anyio
    #   openai
soupsieve==2.7
    # via beautifulsoup4
sqlalchemy==2.0.41
    # via
    #   langchain
    #   langchain-community
st-annotated-text==4.0.2
    # via streamlit-extras
st-theme==1.2.3
    # via streamlit-extras
stack-data==0.6.3
    # via ipython
streamlit==1.42.2
    # via
    #   tf-generator (pyproject.toml)
    #   extra-streamlit-components
    #   markdownlit
    #   st-theme
    #   streamlit-camera-input-live
    #   streamlit-card
    #   streamlit-embedcode
    #   streamlit-extras
    #   streamlit-faker
    #   streamlit-feedback
    #   streamlit-image-coordinates
    #   streamlit-keyup
    #   streamlit-toggle-switch
    #   streamlit-vertical-slider
streamlit-camera-input-live==0.2.0
    # via streamlit-extras
streamlit-card==1.0.2
    # via streamlit-extras
streamlit-embedcode==0.1.2
    # via streamlit-extras
streamlit-extras==0.4.7
    # via
    #   tf-generator (pyproject.toml)
    #   markdownlit
    #   streamlit-faker
streamlit-faker==0.0.3
    # via streamlit-extras
streamlit-feedback==0.1.4
    # via tf-generator (pyproject.toml)
streamlit-image-coordinates==0.1.9
    # via streamlit-extras
streamlit-keyup==0.3.0
    # via streamlit-extras
streamlit-toggle-switch==1.0.2
    # via streamlit-extras
streamlit-vertical-slider==2.5.5
    # via streamlit-extras
tenacity==8.5.0
    # via
    #   langchain-community
    #   langchain-core
    #   streamlit
    #   traceloop-sdk
terminado==0.18.1
    # via
    #   jupyter-server
    #   jupyter-server-terminals
threadpoolctl==3.6.0
    # via scikit-learn
tiktoken==0.9.0
    # via
    #   langchain-openai
    #   opentelemetry-instrumentation-openai
tinycss2==1.4.0
    # via bleach
toml==0.10.2
    # via streamlit
tornado==6.5.1
    # via
    #   ipykernel
    #   jupyter-client
    #   jupyter-server
    #   jupyterlab
    #   notebook
    #   streamlit
    #   terminado
tqdm==4.67.1
    # via
    #   google-cloud-aiplatform
    #   openai
traceloop-sdk==0.38.12
    # via tf-generator (pyproject.toml)
traitlets==5.14.3
    # via
    #   comm
    #   ipykernel
    #   ipython
    #   ipywidgets
    #   jupyter-client
    #   jupyter-console
    #   jupyter-core
    #   jupyter-events
    #   jupyter-server
    #   jupyterlab
    #   matplotlib-inline
    #   nbclient
    #   nbconvert
    #   nbformat
types-python-dateutil==2.9.0.20250516
    # via arrow
types-pyyaml==6.0.12.20250516
    # via tf-generator (pyproject.toml)
types-requests==2.32.0.20250515
    # via tf-generator (pyproject.toml)
typing-extensions==4.13.2
    # via
    #   altair
    #   anthropic
    #   anyio
    #   beautifulsoup4
    #   google-cloud-aiplatform
    #   langchain-core
    #   mypy
    #   openai
    #   opentelemetry-resourcedetector-gcp
    #   opentelemetry-sdk
    #   pydantic
    #   pydantic-core
    #   referencing
    #   sqlalchemy
    #   streamlit
    #   typing-inspect
    #   typing-inspection
typing-inspect==0.9.0
    # via dataclasses-json
typing-inspection==0.4.1
    # via
    #   pydantic
    #   pydantic-settings
tzdata==2025.2
    # via
    #   faker
    #   pandas
uri-template==1.3.0
    # via jsonschema
urllib3==2.4.0
    # via
    #   requests
    #   types-requests
validators==0.34.0
    # via
    #   langchain-google-vertexai
    #   streamlit-extras
watchdog==6.0.0
    # via streamlit
wcwidth==0.2.13
    # via prompt-toolkit
webcolors==24.11.1
    # via jsonschema
webencodings==0.5.1
    # via
    #   bleach
    #   tinycss2
websocket-client==1.8.0
    # via jupyter-server
widgetsnbextension==4.0.14
    # via ipywidgets
wrapt==1.17.2
    # via
    #   deprecated
    #   openinference-instrumentation-langchain
    #   opentelemetry-instrumentation
    #   opentelemetry-instrumentation-sqlalchemy
    #   opentelemetry-instrumentation-threading
    #   opentelemetry-instrumentation-urllib3
yarl==1.20.0
    # via aiohttp
zipp==3.21.0
    # via importlib-metadata
zstandard==0.23.0
    # via langsmith
